github.com/LawrenceWoodman/roveralls v0.0.0-20171119193843-51b78509b607 h1:ChZ/TAjHiwPhC4yMgY78GNIh5jiaTC9nFe6lQ6m2pII=
github.com/LawrenceWoodman/roveralls v0.0.0-20171119193843-51b78509b607/go.mod h1:f06oVURB1TP0EvoZKUEFCxAqqiXxPcU1kYpdAVuyNMM=
github.com/Sirupsen/logrus v0.0.0-20160829202321-3ec0642a7fb6 h1:Tp6VdyWz8sPuNnRbgf5jqIOV/zoG4mA5nBHtJyFb4Hc=
github.com/Sirupsen/logrus v0.0.0-20160829202321-3ec0642a7fb6/go.mod h1:rmk17hk6i8ZSAJkSDa7nOxamrG+SP4P0mm+DAvExv4U=
github.com/ahmetb/govvv v0.2.0 h1:3rzpWlytDIDQfL64/Kbjs88tNJltY9E8sk1tNju6FAU=
github.com/ahmetb/govvv v0.2.0/go.mod h1:4WRFpdWtc/YtKgPFwa1dr5+9hiRY5uKAL08bOlxOR6s=
github.com/cactus/gostrftime v0.0.0-20160820080632-908b7e9ab9b8 h1:obM8OBXqb463/q4xRedAmLhfPc3oE7N84R66sxNxnAg=
github.com/cactus/gostrftime v0.0.0-20160820080632-908b7e9ab9b8/go.mod h1:OUM5bzoyxlhh7aPq8iO7vbl/jsiWvrbn70uCqOVOPkE=
github.com/coccyx/go-s2s v0.0.0-20190413180338-bdc39b6946f5 h1:2GFB4vlbR4HFLl0EBcXrXjC+iBeSQ9Qx3TXcTEFdZ0E=
github.com/coccyx/go-s2s v0.0.0-20190413180338-bdc39b6946f5/go.mod h1:IeRVSXEAmvfTpIc62ng3mWS6ZAE+/Oj7DRSig8Zt2eI=
github.com/coccyx/go-s2s v0.0.0-20190615182345-b2ea504679db h1:cMspoIQGVs7t7ZCek3imq1APh8dCz1r+hUCvB0Qjo/Q=
github.com/coccyx/go-s2s v0.0.0-20190615182345-b2ea504679db/go.mod h1:IeRVSXEAmvfTpIc62ng3mWS6ZAE+/Oj7DRSig8Zt2eI=
github.com/coccyx/gogen v0.0.0-20190326034030-6c6846b20c52 h1:jotcDFXROtv2HPzNULaHiV/E0gvP75+jhoYwc/OtiAg=
github.com/coccyx/gogen v0.0.0-20190326034030-6c6846b20c52/go.mod h1:6CFo9JaAHtClKxuAXtdsq7Q++loj3YT1xSBRdmUWvMA=
github.com/coccyx/timeparser v0.0.0-20160911001308-9d8b37af28f5 h1:2nmvKzaEoJDC6IaWYa37GDemOUbtl+ygTTrjZ109mU8=
github.com/coccyx/timeparser v0.0.0-20160911001308-9d8b37af28f5/go.mod h1:mDEQBZWbrgGHo2wtolJxCfUVZhKUiJX5vs0ovbU487w=
github.com/davecgh/go-spew v1.1.0 h1:ZDRjVQ15GmhC3fiQ8ni8+OwkZQO4DARzQgrnXU1Liz8=
github.com/davecgh/go-spew v1.1.0/go.mod h1:J7Y8YcW2NihsgmVo/mv3lAwl/skON4iLHjSsI+c5H38=
github.com/golang/protobuf v1.2.0 h1:P3YflyNX/ehuJFLhxviNdFxQPkGK5cDcApsge1SqnvM=
github.com/golang/protobuf v1.2.0/go.mod h1:6lQm79b+lXiMfvg/cZm0SGofjICqVBUtrP5yJMmIC1U=
github.com/google/go-github v0.0.0-20160930184301-3e246d29992b h1:WH08WRZy+vORWU9NQc4nYcgDeraNSkcrx5uqC73b3IA=
github.com/google/go-github v0.0.0-20160930184301-3e246d29992b/go.mod h1:zLgOLi98H3fifZn+44m+umXrS52loVEgC2AApnigrVQ=
github.com/google/go-querystring v0.0.0-20160401233042-9235644dd9e5 h1:oERTZ1buOUYlpmKaqlO5fYmz8cZ1rYu5DieJzF4ZVmU=
github.com/google/go-querystring v0.0.0-20160401233042-9235644dd9e5/go.mod h1:odCYkC5MyYFN7vkCjXpyrEuKhc/BUO6wN/zVPAxq5ck=
github.com/hhkbp2/go-strftime v0.0.0-20150709091403-d82166ec6782 h1:Evl9i7wBY3bjJ3NqHs0ldhnKOdQL4Kaum9ve1JAmiCE=
github.com/hhkbp2/go-strftime v0.0.0-20150709091403-d82166ec6782/go.mod h1:x8/IOQ5qQ4DKfiTmD9wBhQ40edg5wh7gMRwdLg07mMw=
github.com/jehiah/go-strftime v0.0.0-20171201141054-1d33003b3869 h1:IPJ3dvxmJ4uczJe5YQdrYB16oTJlGSC/OyZDqUk9xX4=
github.com/jehiah/go-strftime v0.0.0-20171201141054-1d33003b3869/go.mod h1:cJ6Cj7dQo+O6GJNiMx+Pa94qKj+TG8ONdKHgMNIyyag=
github.com/joyt/godate v0.0.0-20150226210126-7151572574a7 h1:2wH5antjhmU3EuWyidm0lJ4B9hGMpl5lNRo+M9uGJ5A=
github.com/joyt/godate v0.0.0-20150226210126-7151572574a7/go.mod h1:R+UgFL3iylLhx9N4w35zZ2HdhDlgorRDx4SxbchWuN0=
github.com/kr/fs v0.1.0 h1:Jskdu9ieNAYnjxsi0LbQp1ulIKZV1LAFgK1tWhpZgl8=
github.com/kr/fs v0.1.0/go.mod h1:FFnZGqtBN9Gxj7eW1uZ42v5BccTP0vu6NEaFoC2HwRg=
github.com/kr/pretty v0.0.0-20160823170715-cfb55aafdaf3 h1:dhwb1Ev84SKKVBfLuhR4bw/29yYHzwtTyTLUWWnvYxI=
github.com/kr/pretty v0.0.0-20160823170715-cfb55aafdaf3/go.mod h1:Bvhd+E3laJ0AVkG0c9rmtZcnhV0HQ3+c3YxxqTvc/gA=
github.com/kr/text v0.0.0-20160504234017-7cafcd837844 h1:kpzneEBeC0dMewP3gr/fADv1OlblH9r1goWVwpOt3TU=
github.com/kr/text v0.0.0-20160504234017-7cafcd837844/go.mod h1:sjUstKUATFIcff4qlB53Kml0wQPtJVc/3fWrmuUmcfA=
github.com/layeh/gopher-luar v0.0.0-20160805223923-921d03e21a78 h1:et7HXOKyHLhR5er2z9VmpTONNp8Bsvs2g7ZBF4a+eGM=
github.com/layeh/gopher-luar v0.0.0-20160805223923-921d03e21a78/go.mod h1:MQNGlVP6GjSjpz9zLif7SbgOTGh6QRR+6ubmcNlW4Ug=
github.com/mattn/go-runewidth v0.0.1 h1:+EiaBVXhogb1Klb4tRJ7hYnuGK6PkKOZlK04D/GMOqk=
github.com/mattn/go-runewidth v0.0.1/go.mod h1:LwmH8dsx7+W8Uxz3IHJYH5QSwggIsqBzpuz5H//U1FU=
github.com/mattn/goveralls v0.0.2 h1:7eJB6EqsPhRVxvwEXGnqdO2sJI0PTsrWoTMXEk9/OQc=
github.com/mattn/goveralls v0.0.2/go.mod h1:8d1ZMHsd7fW6IRPKQh46F2WRpyib5/X4FOpevwGNQEw=
github.com/mgutz/ansi v0.0.0-20150914162238-c286dcecd19f h1:9RKjtkGo+3aNumDva3Gdia9GAYWSHhlh/QHEsTgBF6Y=
github.com/mgutz/ansi v0.0.0-20150914162238-c286dcecd19f/go.mod h1:01TrycV0kFyexm33Z7vhZRXopbI8J3TDReVlkTgMUxE=
github.com/mohae/deepcopy v0.0.0-20170929034955-c48cc78d4826 h1:RWengNIwukTxcDr9M+97sNutRR1RKhG96O6jWumTTnw=
github.com/mohae/deepcopy v0.0.0-20170929034955-c48cc78d4826/go.mod h1:TaXosZuwdSHYgviHp1DAtfrULt5eUgsSMsZf+YrPgl8=
github.com/olekukonko/tablewriter v0.0.0-20160923125401-bdcc175572fd h1:nEatQ6JnwCT9iYD5uqYUiFqq8tJGX25to8KVKXqya7k=
github.com/olekukonko/tablewriter v0.0.0-20160923125401-bdcc175572fd/go.mod h1:vsDQFd/mU46D+Z4whnwzcISnGGzXWMclvtLoiIKAKIo=
github.com/pbnjay/strptime v0.0.0-20140226051138-5c05b0d668c9 h1:4lfz0keanz7/gAlvJ7lAe9zmE08HXxifBZJC0AdeGKo=
github.com/pbnjay/strptime v0.0.0-20140226051138-5c05b0d668c9/go.mod h1:6Hr+C/olSdkdL3z68MlyXWzwhvwmwN7KuUFXGb3PoOk=
github.com/pkg/profile v0.0.0-20160923224949-030571e6da0f h1:JiecXqu29kaa0/yQ1Ouz899dENGc6lJlmIhFOb7MK+I=
github.com/pkg/profile v0.0.0-20160923224949-030571e6da0f/go.mod h1:hJw3o1OdXxsrSjjVksARp5W95eeEaEfptyVZyv6JUPA=
github.com/pmezard/go-difflib v1.0.0 h1:4DBwDE0NGyQoBHbLQYPwSUPoCMWR5BEzIk/f1lZbAQM=
github.com/pmezard/go-difflib v1.0.0/go.mod h1:iKH77koFhYxTK1pcRnkKkqfTogsbg7gZNVY4sRDYZ/4=
github.com/satori/go.uuid v0.0.0-20160713180306-0aa62d5ddceb h1:1r/p6yT1FfHR1+qBm7UYBPgfqCmzz/8mpNvfc+iKlfU=
github.com/satori/go.uuid v0.0.0-20160713180306-0aa62d5ddceb/go.mod h1:dA0hQrYB0VpLJoorglMZABFdXlWrHn1NEOzdhQKdks0=
github.com/segmentio/kafka-go v0.0.0-20190407014825-afec9cd1014e h1:0WRLKKfhK2Gj35bF4/hyfNEjTGYtGgtGrAIezvQqBbw=
github.com/segmentio/kafka-go v0.0.0-20190407014825-afec9cd1014e/go.mod h1:X6itGqS9L4jDletMsxZ7Dz+JFWxM6JHfPOCvTvk+EJo=
github.com/skratchdot/open-golang v0.0.0-20160302144031-75fb7ed4208c h1:fyKiXKO1/I/B6Y2U8T7WdQGWzwehOuGIrljPtt7YTTI=
github.com/skratchdot/open-golang v0.0.0-20160302144031-75fb7ed4208c/go.mod h1:sUM3LWHvSMaG192sy56D9F7CNvL7jUJVXoqM1QKLnog=
github.com/stretchr/objx v0.1.0/go.mod h1:HFkY916IF+rwdDfMAkV7OtwuqBVzrE8GR6GFx+wExME=
github.com/stretchr/testify v1.3.0 h1:TivCn/peBQ7UY8ooIcPgZFpTNSz0Q2U6UrFlUfqbe0Q=
github.com/stretchr/testify v1.3.0/go.mod h1:M5WIy9Dh21IEIfnGCwXGc5bZfKNJtfHm1UVUgZn+9EI=
github.com/tools/godep v0.0.0-20180126220526-ce0bfadeb516 h1:h4a8ZFxjlRVGsFGP4l/AdnoUYcF3pfxzyepS3oKZ8mE=
github.com/tools/godep v0.0.0-20180126220526-ce0bfadeb516/go.mod h1:OGh2HQGYVW+2+ZdB+DgJhI75kivkKWtVcIxI/pesDsY=
github.com/x-cray/logrus-prefixed-formatter v0.2.0 h1:fKTfWYeL7NYB25WG5gLylnow2oFJFTd+hagnLTcG8dI=
github.com/x-cray/logrus-prefixed-formatter v0.2.0/go.mod h1:2duySbKsL6M18s5GU7VPsoEPHyzalCE06qoARUCeBBE=
github.com/yuin/gopher-lua v0.0.0-20160919070314-dd0fd531098d h1:PlfPWi/AxD9AVvru9UqqFe9mm3klKCu+1ood2jlGg6g=
github.com/yuin/gopher-lua v0.0.0-20160919070314-dd0fd531098d/go.mod h1:aEV29XrmTYFr3CiRxZeGHpkvbwq+prZduBqMaascyCU=
golang.org/x/crypto v0.0.0-20190308221718-c2843e01d9a2/go.mod h1:djNgcEr1/C05ACkg1iLfiJU5Ep61QUkGW8qpdssI0+w=
golang.org/x/net v0.0.0-20160914084325-de35ec43e7a9 h1:kx/Lof15CmxipDbbp6a+NuQHIUBL4ujnHPdEoj6Z/L4=
golang.org/x/net v0.0.0-20160914084325-de35ec43e7a9/go.mod h1:mL1N/T3taQHkDXs73rZJwtUhF3w3ftmwwsq0BUmARs4=
golang.org/x/net v0.0.0-20180724234803-3673e40ba225 h1:kNX+jCowfMYzvlSvJu5pQWEmyWFrBXJ3PBy10xKMXK8=
golang.org/x/net v0.0.0-20180724234803-3673e40ba225/go.mod h1:mL1N/T3taQHkDXs73rZJwtUhF3w3ftmwwsq0BUmARs4=
golang.org/x/net v0.0.0-20190311183353-d8887717615a h1:oWX7TPOiFAMXLq8o0ikBYfCJVlRHBcsciT5bXOrH628=
golang.org/x/net v0.0.0-20190311183353-d8887717615a/go.mod h1:t9HGtf8HONx5eT2rtn7q6eTqICYqUVnKs3thJo3Qplg=
golang.org/x/oauth2 v0.0.0-20160902055913-3c3a985cb79f h1:VWt05OS3Al9w09GSPgltoHP90whAHlpik/Bys7HVEDE=
golang.org/x/oauth2 v0.0.0-20160902055913-3c3a985cb79f/go.mod h1:N/0e6XlmueqKjAGxoOufVs8QHGRruUQn6yWY3a++T0U=
golang.org/x/sys v0.0.0-20161023150541-c200b10b5d5e h1:uau++4dmjGy3TuvPvRbhZHY+TQVsImIxtWY5HRh9eho=
golang.org/x/sys v0.0.0-20161023150541-c200b10b5d5e/go.mod h1:STP8DvDyc/dI5b8T5hshtkjS+E42TnysNCUPdjciGhY=
golang.org/x/sys v0.0.0-20190215142949-d0b11bdaac8a h1:1BGLXjeY4akVXGgbC9HugT3Jv3hCI0z56oJR5vAMgBU=
golang.org/x/sys v0.0.0-20190215142949-d0b11bdaac8a/go.mod h1:STP8DvDyc/dI5b8T5hshtkjS+E42TnysNCUPdjciGhY=
golang.org/x/text v0.3.0/go.mod h1:NqM8EUOU14njkJ3fqMW+pc6Ldnwhi/IjpwHt7yyuwOQ=
golang.org/x/tools v0.0.0-20190411180116-681f9ce8ac52 h1:9RlW/mHPSeoxtqVWkJ7ZugoTFX8WFZRzmCep/niCbtU=
golang.org/x/tools v0.0.0-20190411180116-681f9ce8ac52/go.mod h1:LCzVGOaR6xXOjkQ3onu1FJEFr0SW1gC7cKk1uF8kGRs=
google.golang.org/appengine v1.5.0 h1:KxkO13IPW4Lslp2bz+KHP2E3gtFlrIGNThxkZQ3g+4c=
google.golang.org/appengine v1.5.0/go.mod h1:xpcJRLb0r/rnEns0DIKYYv+WjYCduHsrkT7/EB5XEv4=
gopkg.in/urfave/cli.v1 v1.18.1 h1:Z65+UJjxGDZHRdsnYU+Q+KCFrjSwc/VVB0X6jvGBd2U=
gopkg.in/urfave/cli.v1 v1.18.1/go.mod h1:vuBzUtMdQeixQj8LVd+/98pzhxNGQoyuPBlsXHOQNO0=
gopkg.in/yaml.v2 v2.0.0-20160928153709-a5b47d31c556 h1:hKXbLW5oaJoQgs8KrzTLdF4PoHi+0oQPgea9TNtvE3E=
gopkg.in/yaml.v2 v2.0.0-20160928153709-a5b47d31c556/go.mod h1:JAlM8MvJe8wmxCU4Bli9HhUf9+ttbYbLASfIpnQbh74=
